// !$*UTF8*$!
{
	archiveVersion = 1;
	classes = {
	};
	objectVersion = 56;
	objects = {

/* Begin PBXBuildFile section */
		EFAC581C2C33E41F005975DD /* AppDelegate.swift in Sources */ = {isa = PBXBuildFile; fileRef = EFAC581B2C33E41F005975DD /* AppDelegate.swift */; };
		EFAC581E2C33E41F005975DD /* SceneDelegate.swift in Sources */ = {isa = PBXBuildFile; fileRef = EFAC581D2C33E41F005975DD /* SceneDelegate.swift */; };
		EFAC58202C33E41F005975DD /* HomeViewController.swift in Sources */ = {isa = PBXBuildFile; fileRef = EFAC581F2C33E41F005975DD /* HomeViewController.swift */; };
		EFAC58252C33E421005975DD /* Assets.xcassets in Resources */ = {isa = PBXBuildFile; fileRef = EFAC58242C33E421005975DD /* Assets.xcassets */; };
		EFAC58282C33E421005975DD /* Base in Resources */ = {isa = PBXBuildFile; fileRef = EFAC58272C33E421005975DD /* Base */; };
		EFAC58312C33E5B6005975DD /* BaseViewController.swift in Sources */ = {isa = PBXBuildFile; fileRef = EFAC58302C33E5B6005975DD /* BaseViewController.swift */; };
		EFAC58342C33E87A005975DD /* Toast in Frameworks */ = {isa = PBXBuildFile; productRef = EFAC58332C33E87A005975DD /* Toast */; };
		EFAC58372C33E885005975DD /* SnapKit in Frameworks */ = {isa = PBXBuildFile; productRef = EFAC58362C33E885005975DD /* SnapKit */; };
		EFAC583A2C33E895005975DD /* IQKeyboardManagerSwift in Frameworks */ = {isa = PBXBuildFile; productRef = EFAC58392C33E895005975DD /* IQKeyboardManagerSwift */; };
		EFAC583D2C33E95D005975DD /* RealmSwift in Frameworks */ = {isa = PBXBuildFile; productRef = EFAC583C2C33E95D005975DD /* RealmSwift */; };
		EFAC58402C33EE37005975DD /* RegisterViewController.swift in Sources */ = {isa = PBXBuildFile; fileRef = EFAC583F2C33EE37005975DD /* RegisterViewController.swift */; };
		EFAC58442C3456E6005975DD /* UIViewController+.swift in Sources */ = {isa = PBXBuildFile; fileRef = EFAC58432C3456E6005975DD /* UIViewController+.swift */; };
		EFAC58462C3456FF005975DD /* UIView+.swift in Sources */ = {isa = PBXBuildFile; fileRef = EFAC58452C3456FF005975DD /* UIView+.swift */; };
		EFAC58492C345754005975DD /* ReuseIdentifierProtocol.swift in Sources */ = {isa = PBXBuildFile; fileRef = EFAC58482C345754005975DD /* ReuseIdentifierProtocol.swift */; };
		EFAC584C2C3458DD005975DD /* TitleTableViewCell.swift in Sources */ = {isa = PBXBuildFile; fileRef = EFAC584B2C3458DD005975DD /* TitleTableViewCell.swift */; };
		EFAC584F2C345A47005975DD /* CellType.swift in Sources */ = {isa = PBXBuildFile; fileRef = EFAC584E2C345A47005975DD /* CellType.swift */; };
		EFAC58512C345ADC005975DD /* BaseTableViewCell.swift in Sources */ = {isa = PBXBuildFile; fileRef = EFAC58502C345ADC005975DD /* BaseTableViewCell.swift */; };
		EFAC58552C346A51005975DD /* ReminderModel.swift in Sources */ = {isa = PBXBuildFile; fileRef = EFAC58542C346A51005975DD /* ReminderModel.swift */; };
/* End PBXBuildFile section */

/* Begin PBXFileReference section */
		EFAC58182C33E41F005975DD /* Reminders.app */ = {isa = PBXFileReference; explicitFileType = wrapper.application; includeInIndex = 0; path = Reminders.app; sourceTree = BUILT_PRODUCTS_DIR; };
		EFAC581B2C33E41F005975DD /* AppDelegate.swift */ = {isa = PBXFileReference; lastKnownFileType = sourcecode.swift; path = AppDelegate.swift; sourceTree = "<group>"; };
		EFAC581D2C33E41F005975DD /* SceneDelegate.swift */ = {isa = PBXFileReference; lastKnownFileType = sourcecode.swift; path = SceneDelegate.swift; sourceTree = "<group>"; };
		EFAC581F2C33E41F005975DD /* HomeViewController.swift */ = {isa = PBXFileReference; lastKnownFileType = sourcecode.swift; path = HomeViewController.swift; sourceTree = "<group>"; };
		EFAC58242C33E421005975DD /* Assets.xcassets */ = {isa = PBXFileReference; lastKnownFileType = folder.assetcatalog; path = Assets.xcassets; sourceTree = "<group>"; };
		EFAC58272C33E421005975DD /* Base */ = {isa = PBXFileReference; lastKnownFileType = file.storyboard; name = Base; path = Base.lproj/LaunchScreen.storyboard; sourceTree = "<group>"; };
		EFAC58292C33E421005975DD /* Info.plist */ = {isa = PBXFileReference; lastKnownFileType = text.plist.xml; path = Info.plist; sourceTree = "<group>"; };
		EFAC58302C33E5B6005975DD /* BaseViewController.swift */ = {isa = PBXFileReference; lastKnownFileType = sourcecode.swift; path = BaseViewController.swift; sourceTree = "<group>"; };
		EFAC583F2C33EE37005975DD /* RegisterViewController.swift */ = {isa = PBXFileReference; lastKnownFileType = sourcecode.swift; path = RegisterViewController.swift; sourceTree = "<group>"; };
		EFAC58432C3456E6005975DD /* UIViewController+.swift */ = {isa = PBXFileReference; lastKnownFileType = sourcecode.swift; path = "UIViewController+.swift"; sourceTree = "<group>"; };
		EFAC58452C3456FF005975DD /* UIView+.swift */ = {isa = PBXFileReference; lastKnownFileType = sourcecode.swift; path = "UIView+.swift"; sourceTree = "<group>"; };
		EFAC58482C345754005975DD /* ReuseIdentifierProtocol.swift */ = {isa = PBXFileReference; lastKnownFileType = sourcecode.swift; path = ReuseIdentifierProtocol.swift; sourceTree = "<group>"; };
		EFAC584B2C3458DD005975DD /* TitleTableViewCell.swift */ = {isa = PBXFileReference; lastKnownFileType = sourcecode.swift; path = TitleTableViewCell.swift; sourceTree = "<group>"; };
		EFAC584E2C345A47005975DD /* CellType.swift */ = {isa = PBXFileReference; lastKnownFileType = sourcecode.swift; path = CellType.swift; sourceTree = "<group>"; };
		EFAC58502C345ADC005975DD /* BaseTableViewCell.swift */ = {isa = PBXFileReference; lastKnownFileType = sourcecode.swift; path = BaseTableViewCell.swift; sourceTree = "<group>"; };
		EFAC58542C346A51005975DD /* ReminderModel.swift */ = {isa = PBXFileReference; lastKnownFileType = sourcecode.swift; path = ReminderModel.swift; sourceTree = "<group>"; };
/* End PBXFileReference section */

/* Begin PBXFrameworksBuildPhase section */
		EFAC58152C33E41F005975DD /* Frameworks */ = {
			isa = PBXFrameworksBuildPhase;
			buildActionMask = 2147483647;
			files = (
				EFAC583D2C33E95D005975DD /* RealmSwift in Frameworks */,
				EFAC58342C33E87A005975DD /* Toast in Frameworks */,
				EFAC58372C33E885005975DD /* SnapKit in Frameworks */,
				EFAC583A2C33E895005975DD /* IQKeyboardManagerSwift in Frameworks */,
			);
			runOnlyForDeploymentPostprocessing = 0;
		};
/* End PBXFrameworksBuildPhase section */

/* Begin PBXGroup section */
		EFAC580F2C33E41F005975DD = {
			isa = PBXGroup;
			children = (
				EFAC581A2C33E41F005975DD /* Reminders */,
				EFAC58192C33E41F005975DD /* Products */,
			);
			sourceTree = "<group>";
		};
		EFAC58192C33E41F005975DD /* Products */ = {
			isa = PBXGroup;
			children = (
				EFAC58182C33E41F005975DD /* Reminders.app */,
			);
			name = Products;
			sourceTree = "<group>";
		};
		EFAC581A2C33E41F005975DD /* Reminders */ = {
			isa = PBXGroup;
			children = (
				EFAC58532C346A31005975DD /* Database */,
				EFAC58522C3469CE005975DD /* Home */,
				EFAC583E2C33EE13005975DD /* Register */,
				EFAC584D2C345961005975DD /* Constant */,
				EFAC584A2C345842005975DD /* Cell */,
				EFAC58422C3456CD005975DD /* Extensions */,
				EFAC582F2C33E5AC005975DD /* Base */,
				EFAC58472C34572C005975DD /* Protocol */,
				EFAC581B2C33E41F005975DD /* AppDelegate.swift */,
				EFAC581D2C33E41F005975DD /* SceneDelegate.swift */,
				EFAC58242C33E421005975DD /* Assets.xcassets */,
				EFAC58262C33E421005975DD /* LaunchScreen.storyboard */,
				EFAC58292C33E421005975DD /* Info.plist */,
			);
			path = Reminders;
			sourceTree = "<group>";
		};
		EFAC582F2C33E5AC005975DD /* Base */ = {
			isa = PBXGroup;
			children = (
				EFAC58302C33E5B6005975DD /* BaseViewController.swift */,
				EFAC58502C345ADC005975DD /* BaseTableViewCell.swift */,
			);
			path = Base;
			sourceTree = "<group>";
		};
		EFAC583E2C33EE13005975DD /* Register */ = {
			isa = PBXGroup;
			children = (
				EFAC583F2C33EE37005975DD /* RegisterViewController.swift */,
			);
			path = Register;
			sourceTree = "<group>";
		};
		EFAC58422C3456CD005975DD /* Extensions */ = {
			isa = PBXGroup;
			children = (
				EFAC58432C3456E6005975DD /* UIViewController+.swift */,
				EFAC58452C3456FF005975DD /* UIView+.swift */,
			);
			path = Extensions;
			sourceTree = "<group>";
		};
		EFAC58472C34572C005975DD /* Protocol */ = {
			isa = PBXGroup;
			children = (
				EFAC58482C345754005975DD /* ReuseIdentifierProtocol.swift */,
			);
			path = Protocol;
			sourceTree = "<group>";
		};
		EFAC584A2C345842005975DD /* Cell */ = {
			isa = PBXGroup;
			children = (
				EFAC584B2C3458DD005975DD /* TitleTableViewCell.swift */,
			);
			path = Cell;
			sourceTree = "<group>";
		};
		EFAC584D2C345961005975DD /* Constant */ = {
			isa = PBXGroup;
			children = (
				EFAC584E2C345A47005975DD /* CellType.swift */,
			);
			path = Constant;
			sourceTree = "<group>";
		};
		EFAC58522C3469CE005975DD /* Home */ = {
			isa = PBXGroup;
			children = (
				EFAC581F2C33E41F005975DD /* HomeViewController.swift */,
			);
			path = Home;
			sourceTree = "<group>";
		};
		EFAC58532C346A31005975DD /* Database */ = {
			isa = PBXGroup;
			children = (
				EFAC58542C346A51005975DD /* ReminderModel.swift */,
			);
			path = Database;
			sourceTree = "<group>";
		};
/* End PBXGroup section */

/* Begin PBXNativeTarget section */
		EFAC58172C33E41F005975DD /* Reminders */ = {
			isa = PBXNativeTarget;
			buildConfigurationList = EFAC582C2C33E421005975DD /* Build configuration list for PBXNativeTarget "Reminders" */;
			buildPhases = (
				EFAC58142C33E41F005975DD /* Sources */,
				EFAC58152C33E41F005975DD /* Frameworks */,
				EFAC58162C33E41F005975DD /* Resources */,
			);
			buildRules = (
			);
			dependencies = (
			);
			name = Reminders;
			packageProductDependencies = (
				EFAC58332C33E87A005975DD /* Toast */,
				EFAC58362C33E885005975DD /* SnapKit */,
				EFAC58392C33E895005975DD /* IQKeyboardManagerSwift */,
				EFAC583C2C33E95D005975DD /* RealmSwift */,
			);
			productName = Reminders;
			productReference = EFAC58182C33E41F005975DD /* Reminders.app */;
			productType = "com.apple.product-type.application";
		};
/* End PBXNativeTarget section */

/* Begin PBXProject section */
		EFAC58102C33E41F005975DD /* Project object */ = {
			isa = PBXProject;
			attributes = {
				BuildIndependentTargetsInParallel = 1;
				LastSwiftUpdateCheck = 1530;
				LastUpgradeCheck = 1530;
				TargetAttributes = {
					EFAC58172C33E41F005975DD = {
						CreatedOnToolsVersion = 15.3;
					};
				};
			};
			buildConfigurationList = EFAC58132C33E41F005975DD /* Build configuration list for PBXProject "Reminders" */;
			compatibilityVersion = "Xcode 14.0";
			developmentRegion = en;
			hasScannedForEncodings = 0;
			knownRegions = (
				en,
				Base,
			);
			mainGroup = EFAC580F2C33E41F005975DD;
			packageReferences = (
				EFAC58322C33E87A005975DD /* XCRemoteSwiftPackageReference "Toast-Swift" */,
				EFAC58352C33E885005975DD /* XCRemoteSwiftPackageReference "SnapKit" */,
				EFAC58382C33E894005975DD /* XCRemoteSwiftPackageReference "IQKeyboardManager" */,
				EFAC583B2C33E95D005975DD /* XCRemoteSwiftPackageReference "realm-swift" */,
			);
			productRefGroup = EFAC58192C33E41F005975DD /* Products */;
			projectDirPath = "";
			projectRoot = "";
			targets = (
				EFAC58172C33E41F005975DD /* Reminders */,
			);
		};
/* End PBXProject section */

/* Begin PBXResourcesBuildPhase section */
		EFAC58162C33E41F005975DD /* Resources */ = {
			isa = PBXResourcesBuildPhase;
			buildActionMask = 2147483647;
			files = (
				EFAC58252C33E421005975DD /* Assets.xcassets in Resources */,
				EFAC58282C33E421005975DD /* Base in Resources */,
			);
			runOnlyForDeploymentPostprocessing = 0;
		};
/* End PBXResourcesBuildPhase section */

/* Begin PBXSourcesBuildPhase section */
		EFAC58142C33E41F005975DD /* Sources */ = {
			isa = PBXSourcesBuildPhase;
			buildActionMask = 2147483647;
			files = (
				EFAC58202C33E41F005975DD /* HomeViewController.swift in Sources */,
				EFAC584F2C345A47005975DD /* CellType.swift in Sources */,
				EFAC58492C345754005975DD /* ReuseIdentifierProtocol.swift in Sources */,
				EFAC58402C33EE37005975DD /* RegisterViewController.swift in Sources */,
				EFAC58462C3456FF005975DD /* UIView+.swift in Sources */,
				EFAC58552C346A51005975DD /* ReminderModel.swift in Sources */,
				EFAC58512C345ADC005975DD /* BaseTableViewCell.swift in Sources */,
				EFAC58442C3456E6005975DD /* UIViewController+.swift in Sources */,
				EFAC58312C33E5B6005975DD /* BaseViewController.swift in Sources */,
				EFAC581C2C33E41F005975DD /* AppDelegate.swift in Sources */,
				EFAC584C2C3458DD005975DD /* TitleTableViewCell.swift in Sources */,
				EFAC581E2C33E41F005975DD /* SceneDelegate.swift in Sources */,
			);
			runOnlyForDeploymentPostprocessing = 0;
		};
/* End PBXSourcesBuildPhase section */

/* Begin PBXVariantGroup section */
		EFAC58262C33E421005975DD /* LaunchScreen.storyboard */ = {
			isa = PBXVariantGroup;
			children = (
				EFAC58272C33E421005975DD /* Base */,
			);
			name = LaunchScreen.storyboard;
			sourceTree = "<group>";
		};
/* End PBXVariantGroup section */

/* Begin XCBuildConfiguration section */
		EFAC582A2C33E421005975DD /* Debug */ = {
			isa = XCBuildConfiguration;
			buildSettings = {
				ALWAYS_SEARCH_USER_PATHS = NO;
				ASSETCATALOG_COMPILER_GENERATE_SWIFT_ASSET_SYMBOL_EXTENSIONS = YES;
				CLANG_ANALYZER_NONNULL = YES;
				CLANG_ANALYZER_NUMBER_OBJECT_CONVERSION = YES_AGGRESSIVE;
				CLANG_CXX_LANGUAGE_STANDARD = "gnu++20";
				CLANG_ENABLE_MODULES = YES;
				CLANG_ENABLE_OBJC_ARC = YES;
				CLANG_ENABLE_OBJC_WEAK = YES;
				CLANG_WARN_BLOCK_CAPTURE_AUTORELEASING = YES;
				CLANG_WARN_BOOL_CONVERSION = YES;
				CLANG_WARN_COMMA = YES;
				CLANG_WARN_CONSTANT_CONVERSION = YES;
				CLANG_WARN_DEPRECATED_OBJC_IMPLEMENTATIONS = YES;
				CLANG_WARN_DIRECT_OBJC_ISA_USAGE = YES_ERROR;
				CLANG_WARN_DOCUMENTATION_COMMENTS = YES;
				CLANG_WARN_EMPTY_BODY = YES;
				CLANG_WARN_ENUM_CONVERSION = YES;
				CLANG_WARN_INFINITE_RECURSION = YES;
				CLANG_WARN_INT_CONVERSION = YES;
				CLANG_WARN_NON_LITERAL_NULL_CONVERSION = YES;
				CLANG_WARN_OBJC_IMPLICIT_RETAIN_SELF = YES;
				CLANG_WARN_OBJC_LITERAL_CONVERSION = YES;
				CLANG_WARN_OBJC_ROOT_CLASS = YES_ERROR;
				CLANG_WARN_QUOTED_INCLUDE_IN_FRAMEWORK_HEADER = YES;
				CLANG_WARN_RANGE_LOOP_ANALYSIS = YES;
				CLANG_WARN_STRICT_PROTOTYPES = YES;
				CLANG_WARN_SUSPICIOUS_MOVE = YES;
				CLANG_WARN_UNGUARDED_AVAILABILITY = YES_AGGRESSIVE;
				CLANG_WARN_UNREACHABLE_CODE = YES;
				CLANG_WARN__DUPLICATE_METHOD_MATCH = YES;
				COPY_PHASE_STRIP = NO;
				DEBUG_INFORMATION_FORMAT = dwarf;
				ENABLE_STRICT_OBJC_MSGSEND = YES;
				ENABLE_TESTABILITY = YES;
				ENABLE_USER_SCRIPT_SANDBOXING = YES;
				GCC_C_LANGUAGE_STANDARD = gnu17;
				GCC_DYNAMIC_NO_PIC = NO;
				GCC_NO_COMMON_BLOCKS = YES;
				GCC_OPTIMIZATION_LEVEL = 0;
				GCC_PREPROCESSOR_DEFINITIONS = (
					"DEBUG=1",
					"$(inherited)",
				);
				GCC_WARN_64_TO_32_BIT_CONVERSION = YES;
				GCC_WARN_ABOUT_RETURN_TYPE = YES_ERROR;
				GCC_WARN_UNDECLARED_SELECTOR = YES;
				GCC_WARN_UNINITIALIZED_AUTOS = YES_AGGRESSIVE;
				GCC_WARN_UNUSED_FUNCTION = YES;
				GCC_WARN_UNUSED_VARIABLE = YES;
				IPHONEOS_DEPLOYMENT_TARGET = 17.4;
				LOCALIZATION_PREFERS_STRING_CATALOGS = YES;
				MTL_ENABLE_DEBUG_INFO = INCLUDE_SOURCE;
				MTL_FAST_MATH = YES;
				ONLY_ACTIVE_ARCH = YES;
				SDKROOT = iphoneos;
				SWIFT_ACTIVE_COMPILATION_CONDITIONS = "DEBUG $(inherited)";
				SWIFT_OPTIMIZATION_LEVEL = "-Onone";
			};
			name = Debug;
		};
		EFAC582B2C33E421005975DD /* Release */ = {
			isa = XCBuildConfiguration;
			buildSettings = {
				ALWAYS_SEARCH_USER_PATHS = NO;
				ASSETCATALOG_COMPILER_GENERATE_SWIFT_ASSET_SYMBOL_EXTENSIONS = YES;
				CLANG_ANALYZER_NONNULL = YES;
				CLANG_ANALYZER_NUMBER_OBJECT_CONVERSION = YES_AGGRESSIVE;
				CLANG_CXX_LANGUAGE_STANDARD = "gnu++20";
				CLANG_ENABLE_MODULES = YES;
				CLANG_ENABLE_OBJC_ARC = YES;
				CLANG_ENABLE_OBJC_WEAK = YES;
				CLANG_WARN_BLOCK_CAPTURE_AUTORELEASING = YES;
				CLANG_WARN_BOOL_CONVERSION = YES;
				CLANG_WARN_COMMA = YES;
				CLANG_WARN_CONSTANT_CONVERSION = YES;
				CLANG_WARN_DEPRECATED_OBJC_IMPLEMENTATIONS = YES;
				CLANG_WARN_DIRECT_OBJC_ISA_USAGE = YES_ERROR;
				CLANG_WARN_DOCUMENTATION_COMMENTS = YES;
				CLANG_WARN_EMPTY_BODY = YES;
				CLANG_WARN_ENUM_CONVERSION = YES;
				CLANG_WARN_INFINITE_RECURSION = YES;
				CLANG_WARN_INT_CONVERSION = YES;
				CLANG_WARN_NON_LITERAL_NULL_CONVERSION = YES;
				CLANG_WARN_OBJC_IMPLICIT_RETAIN_SELF = YES;
				CLANG_WARN_OBJC_LITERAL_CONVERSION = YES;
				CLANG_WARN_OBJC_ROOT_CLASS = YES_ERROR;
				CLANG_WARN_QUOTED_INCLUDE_IN_FRAMEWORK_HEADER = YES;
				CLANG_WARN_RANGE_LOOP_ANALYSIS = YES;
				CLANG_WARN_STRICT_PROTOTYPES = YES;
				CLANG_WARN_SUSPICIOUS_MOVE = YES;
				CLANG_WARN_UNGUARDED_AVAILABILITY = YES_AGGRESSIVE;
				CLANG_WARN_UNREACHABLE_CODE = YES;
				CLANG_WARN__DUPLICATE_METHOD_MATCH = YES;
				COPY_PHASE_STRIP = NO;
				DEBUG_INFORMATION_FORMAT = "dwarf-with-dsym";
				ENABLE_NS_ASSERTIONS = NO;
				ENABLE_STRICT_OBJC_MSGSEND = YES;
				ENABLE_USER_SCRIPT_SANDBOXING = YES;
				GCC_C_LANGUAGE_STANDARD = gnu17;
				GCC_NO_COMMON_BLOCKS = YES;
				GCC_WARN_64_TO_32_BIT_CONVERSION = YES;
				GCC_WARN_ABOUT_RETURN_TYPE = YES_ERROR;
				GCC_WARN_UNDECLARED_SELECTOR = YES;
				GCC_WARN_UNINITIALIZED_AUTOS = YES_AGGRESSIVE;
				GCC_WARN_UNUSED_FUNCTION = YES;
				GCC_WARN_UNUSED_VARIABLE = YES;
				IPHONEOS_DEPLOYMENT_TARGET = 17.4;
				LOCALIZATION_PREFERS_STRING_CATALOGS = YES;
				MTL_ENABLE_DEBUG_INFO = NO;
				MTL_FAST_MATH = YES;
				SDKROOT = iphoneos;
				SWIFT_COMPILATION_MODE = wholemodule;
				VALIDATE_PRODUCT = YES;
			};
			name = Release;
		};
		EFAC582D2C33E421005975DD /* Debug */ = {
			isa = XCBuildConfiguration;
			buildSettings = {
				ASSETCATALOG_COMPILER_APPICON_NAME = AppIcon;
				ASSETCATALOG_COMPILER_GLOBAL_ACCENT_COLOR_NAME = AccentColor;
				CODE_SIGN_STYLE = Automatic;
				CURRENT_PROJECT_VERSION = 1;
				GENERATE_INFOPLIST_FILE = YES;
				INFOPLIST_FILE = Reminders/Info.plist;
				INFOPLIST_KEY_UIApplicationSupportsIndirectInputEvents = YES;
				INFOPLIST_KEY_UILaunchStoryboardName = LaunchScreen;
				INFOPLIST_KEY_UISupportedInterfaceOrientations = UIInterfaceOrientationPortrait;
				INFOPLIST_KEY_UISupportedInterfaceOrientations_iPad = UIInterfaceOrientationPortrait;
				IPHONEOS_DEPLOYMENT_TARGET = 15.0;
				LD_RUNPATH_SEARCH_PATHS = (
					"$(inherited)",
					"@executable_path/Frameworks",
				);
				MARKETING_VERSION = 1.0;
				PRODUCT_BUNDLE_IDENTIFIER = com.seunghye.Reminders;
				PRODUCT_NAME = "$(TARGET_NAME)";
				SUPPORTED_PLATFORMS = "iphoneos iphonesimulator";
				SUPPORTS_MACCATALYST = NO;
				SUPPORTS_MAC_DESIGNED_FOR_IPHONE_IPAD = NO;
				SUPPORTS_XR_DESIGNED_FOR_IPHONE_IPAD = NO;
				SWIFT_EMIT_LOC_STRINGS = YES;
				SWIFT_VERSION = 5.0;
				TARGETED_DEVICE_FAMILY = 1;
			};
			name = Debug;
		};
		EFAC582E2C33E421005975DD /* Release */ = {
			isa = XCBuildConfiguration;
			buildSettings = {
				ASSETCATALOG_COMPILER_APPICON_NAME = AppIcon;
				ASSETCATALOG_COMPILER_GLOBAL_ACCENT_COLOR_NAME = AccentColor;
				CODE_SIGN_STYLE = Automatic;
				CURRENT_PROJECT_VERSION = 1;
				GENERATE_INFOPLIST_FILE = YES;
				INFOPLIST_FILE = Reminders/Info.plist;
				INFOPLIST_KEY_UIApplicationSupportsIndirectInputEvents = YES;
				INFOPLIST_KEY_UILaunchStoryboardName = LaunchScreen;
				INFOPLIST_KEY_UISupportedInterfaceOrientations = UIInterfaceOrientationPortrait;
				INFOPLIST_KEY_UISupportedInterfaceOrientations_iPad = UIInterfaceOrientationPortrait;
				IPHONEOS_DEPLOYMENT_TARGET = 15.0;
				LD_RUNPATH_SEARCH_PATHS = (
					"$(inherited)",
					"@executable_path/Frameworks",
				);
				MARKETING_VERSION = 1.0;
				PRODUCT_BUNDLE_IDENTIFIER = com.seunghye.Reminders;
				PRODUCT_NAME = "$(TARGET_NAME)";
				SUPPORTED_PLATFORMS = "iphoneos iphonesimulator";
				SUPPORTS_MACCATALYST = NO;
				SUPPORTS_MAC_DESIGNED_FOR_IPHONE_IPAD = NO;
				SUPPORTS_XR_DESIGNED_FOR_IPHONE_IPAD = NO;
				SWIFT_EMIT_LOC_STRINGS = YES;
				SWIFT_VERSION = 5.0;
				TARGETED_DEVICE_FAMILY = 1;
			};
			name = Release;
		};
/* End XCBuildConfiguration section */

/* Begin XCConfigurationList section */
		EFAC58132C33E41F005975DD /* Build configuration list for PBXProject "Reminders" */ = {
			isa = XCConfigurationList;
			buildConfigurations = (
				EFAC582A2C33E421005975DD /* Debug */,
				EFAC582B2C33E421005975DD /* Release */,
			);
			defaultConfigurationIsVisible = 0;
			defaultConfigurationName = Release;
		};
		EFAC582C2C33E421005975DD /* Build configuration list for PBXNativeTarget "Reminders" */ = {
			isa = XCConfigurationList;
			buildConfigurations = (
				EFAC582D2C33E421005975DD /* Debug */,
				EFAC582E2C33E421005975DD /* Release */,
			);
			defaultConfigurationIsVisible = 0;
			defaultConfigurationName = Release;
		};
/* End XCConfigurationList section */

/* Begin XCRemoteSwiftPackageReference section */
		EFAC58322C33E87A005975DD /* XCRemoteSwiftPackageReference "Toast-Swift" */ = {
			isa = XCRemoteSwiftPackageReference;
			repositoryURL = "https://github.com/scalessec/Toast-Swift.git";
			requirement = {
				kind = upToNextMajorVersion;
				minimumVersion = 5.1.1;
			};
		};
		EFAC58352C33E885005975DD /* XCRemoteSwiftPackageReference "SnapKit" */ = {
			isa = XCRemoteSwiftPackageReference;
			repositoryURL = "https://github.com/SnapKit/SnapKit.git";
			requirement = {
				kind = upToNextMajorVersion;
				minimumVersion = 5.7.1;
			};
		};
		EFAC58382C33E894005975DD /* XCRemoteSwiftPackageReference "IQKeyboardManager" */ = {
			isa = XCRemoteSwiftPackageReference;
			repositoryURL = "https://github.com/hackiftekhar/IQKeyboardManager.git";
			requirement = {
				kind = upToNextMajorVersion;
				minimumVersion = 7.0.3;
			};
		};
		EFAC583B2C33E95D005975DD /* XCRemoteSwiftPackageReference "realm-swift" */ = {
			isa = XCRemoteSwiftPackageReference;
			repositoryURL = "https://github.com/realm/realm-swift.git";
			requirement = {
				kind = exactVersion;
				version = 10.52.1;
			};
		};
/* End XCRemoteSwiftPackageReference section */

/* Begin XCSwiftPackageProductDependency section */
		EFAC58332C33E87A005975DD /* Toast */ = {
			isa = XCSwiftPackageProductDependency;
			package = EFAC58322C33E87A005975DD /* XCRemoteSwiftPackageReference "Toast-Swift" */;
			productName = Toast;
		};
		EFAC58362C33E885005975DD /* SnapKit */ = {
			isa = XCSwiftPackageProductDependency;
			package = EFAC58352C33E885005975DD /* XCRemoteSwiftPackageReference "SnapKit" */;
			productName = SnapKit;
		};
		EFAC58392C33E895005975DD /* IQKeyboardManagerSwift */ = {
			isa = XCSwiftPackageProductDependency;
			package = EFAC58382C33E894005975DD /* XCRemoteSwiftPackageReference "IQKeyboardManager" */;
			productName = IQKeyboardManagerSwift;
		};
		EFAC583C2C33E95D005975DD /* RealmSwift */ = {
			isa = XCSwiftPackageProductDependency;
			package = EFAC583B2C33E95D005975DD /* XCRemoteSwiftPackageReference "realm-swift" */;
			productName = RealmSwift;
		};
/* End XCSwiftPackageProductDependency section */
	};
	rootObject = EFAC58102C33E41F005975DD /* Project object */;
}
